
Microsoft Visual Studio Solution File, Format Version 12.00
# Visual Studio Version 17
VisualStudioVersion = 17.11.35208.52
MinimumVisualStudioVersion = 10.0.40219.1
Project("{FAE04EC0-301F-11D3-BF4B-00C04F79EFBC}") = "SerilogTwoStageInit.API", "SerilogTwoStageInit.API\SerilogTwoStageInit.API.csproj", "{6EBBB6E1-BC8A-4769-BC8E-5F7E77893F4F}"
EndProject
Project("{FAE04EC0-301F-11D3-BF4B-00C04F79EFBC}") = "SerilogTwoStageInit.Domain", "SerilogTwoStageInit.Domain\SerilogTwoStageInit.Domain.csproj", "{A7325982-0B16-462B-AE47-FD8165CFC272}"
EndProject
Global
	GlobalSection(SolutionConfigurationPlatforms) = preSolution
		Debug|Any CPU = Debug|Any CPU
		Release|Any CPU = Release|Any CPU
	EndGlobalSection
	GlobalSection(ProjectConfigurationPlatforms) = postSolution
		{6EBBB6E1-BC8A-4769-BC8E-5F7E77893F4F}.Debug|Any CPU.ActiveCfg = Debug|Any CPU
		{6EBBB6E1-BC8A-4769-BC8E-5F7E77893F4F}.Debug|Any CPU.Build.0 = Debug|Any CPU
		{6EBBB6E1-BC8A-4769-BC8E-5F7E77893F4F}.Release|Any CPU.ActiveCfg = Release|Any CPU
		{6EBBB6E1-BC8A-4769-BC8E-5F7E77893F4F}.Release|Any CPU.Build.0 = Release|Any CPU
		{A7325982-0B16-462B-AE47-FD8165CFC272}.Debug|Any CPU.ActiveCfg = Debug|Any CPU
		{A7325982-0B16-462B-AE47-FD8165CFC272}.Debug|Any CPU.Build.0 = Debug|Any CPU
		{A7325982-0B16-462B-AE47-FD8165CFC272}.Release|Any CPU.ActiveCfg = Release|Any CPU
		{A7325982-0B16-462B-AE47-FD8165CFC272}.Release|Any CPU.Build.0 = Release|Any CPU
	EndGlobalSection
	GlobalSection(SolutionProperties) = preSolution
		HideSolutionNode = FALSE
	EndGlobalSection
	GlobalSection(ExtensibilityGlobals) = postSolution
		SolutionGuid = {235781E1-5B59-4AD5-9C86-4C942372094F}
	EndGlobalSection
EndGlobal
